
Microsoft Visual Studio Solution File, Format Version 12.00
# 
Project("{FAE04EC0-301F-11D3-BF4B-00C04F79EFBC}") = "WebApp", "WebApp\WebApp.csproj", "{515218A7-46F8-465D-BCC6-A99D65C886CD}"
EndProject
Project("{2150E333-8FDC-42A3-9474-1A3956D46DE8}") = "SolutionItems", "SolutionItems", "{C3472224-C85F-45FA-A11D-3C050AE6AC7D}"
	ProjectSection(SolutionItems) = preProject
		.gitignore = .gitignore
		global.json = global.json
		Directory.Build.props = Directory.Build.props
		Directory.Packages.props = Directory.Packages.props
	EndProjectSection
EndProject
Project("{FAE04EC0-301F-11D3-BF4B-00C04F79EFBC}") = "HistoryTracking.Audit", "HistoryTracking.Audit\HistoryTracking.Audit.csproj", "{A5443247-6EBF-43DF-8667-0EB5C4626950}"
EndProject
Project("{FAE04EC0-301F-11D3-BF4B-00C04F79EFBC}") = "HistoryTracking.Audit.Tests", "HistoryTracking.Audit.Tests\HistoryTracking.Audit.Tests.csproj", "{3119162D-4E0F-4455-BA1B-045159654CED}"
EndProject
Global
	GlobalSection(SolutionConfigurationPlatforms) = preSolution
		Debug|Any CPU = Debug|Any CPU
		Release|Any CPU = Release|Any CPU
	EndGlobalSection
	GlobalSection(ProjectConfigurationPlatforms) = postSolution
		{515218A7-46F8-465D-BCC6-A99D65C886CD}.Debug|Any CPU.ActiveCfg = Debug|Any CPU
		{515218A7-46F8-465D-BCC6-A99D65C886CD}.Debug|Any CPU.Build.0 = Debug|Any CPU
		{515218A7-46F8-465D-BCC6-A99D65C886CD}.Release|Any CPU.ActiveCfg = Release|Any CPU
		{515218A7-46F8-465D-BCC6-A99D65C886CD}.Release|Any CPU.Build.0 = Release|Any CPU
		{A5443247-6EBF-43DF-8667-0EB5C4626950}.Debug|Any CPU.ActiveCfg = Debug|Any CPU
		{A5443247-6EBF-43DF-8667-0EB5C4626950}.Debug|Any CPU.Build.0 = Debug|Any CPU
		{A5443247-6EBF-43DF-8667-0EB5C4626950}.Release|Any CPU.ActiveCfg = Release|Any CPU
		{A5443247-6EBF-43DF-8667-0EB5C4626950}.Release|Any CPU.Build.0 = Release|Any CPU
		{3119162D-4E0F-4455-BA1B-045159654CED}.Debug|Any CPU.ActiveCfg = Debug|Any CPU
		{3119162D-4E0F-4455-BA1B-045159654CED}.Debug|Any CPU.Build.0 = Debug|Any CPU
		{3119162D-4E0F-4455-BA1B-045159654CED}.Release|Any CPU.ActiveCfg = Release|Any CPU
		{3119162D-4E0F-4455-BA1B-045159654CED}.Release|Any CPU.Build.0 = Release|Any CPU
	EndGlobalSection
EndGlobal
